// !$*UTF8*$!
{
	archiveVersion = 1;
	classes = {
	};
	objectVersion = 52;
	objects = {

/* Begin PBXBuildFile section */
		EE70CDFE24FB6D3C00C1DF0B /* Alamofire in Frameworks */ = {isa = PBXBuildFile; productRef = EE70CDFD24FB6D3C00C1DF0B /* Alamofire */; };
		EE70CE0124FB6DA600C1DF0B /* RxSwift in Frameworks */ = {isa = PBXBuildFile; productRef = EE70CE0024FB6DA600C1DF0B /* RxSwift */; };
		EE70CE0324FB6DA600C1DF0B /* RxCocoa in Frameworks */ = {isa = PBXBuildFile; productRef = EE70CE0224FB6DA600C1DF0B /* RxCocoa */; };
		EE70CE0524FB714F00C1DF0B /* StartUpViewController.swift in Sources */ = {isa = PBXBuildFile; fileRef = EE70CE0424FB714F00C1DF0B /* StartUpViewController.swift */; };
		EE70CE0724FB715C00C1DF0B /* StartUp.storyboard in Resources */ = {isa = PBXBuildFile; fileRef = EE70CE0624FB715C00C1DF0B /* StartUp.storyboard */; };
		EE73038524FB6A9D002AA3A7 /* AppDelegate.swift in Sources */ = {isa = PBXBuildFile; fileRef = EE73038424FB6A9D002AA3A7 /* AppDelegate.swift */; };
		EE73038924FB6A9D002AA3A7 /* HomeViewController.swift in Sources */ = {isa = PBXBuildFile; fileRef = EE73038824FB6A9D002AA3A7 /* HomeViewController.swift */; };
		EE73038E24FB6AA4002AA3A7 /* Assets.xcassets in Resources */ = {isa = PBXBuildFile; fileRef = EE73038D24FB6AA4002AA3A7 /* Assets.xcassets */; };
		EE73039124FB6AA4002AA3A7 /* LaunchScreen.storyboard in Resources */ = {isa = PBXBuildFile; fileRef = EE73038F24FB6AA4002AA3A7 /* LaunchScreen.storyboard */; };
		EE73039C24FB6AA4002AA3A7 /* SampleProjectTests.swift in Sources */ = {isa = PBXBuildFile; fileRef = EE73039B24FB6AA4002AA3A7 /* SampleProjectTests.swift */; };
		EE7303A724FB6AA4002AA3A7 /* SampleProjectUITests.swift in Sources */ = {isa = PBXBuildFile; fileRef = EE7303A624FB6AA4002AA3A7 /* SampleProjectUITests.swift */; };
/* End PBXBuildFile section */

/* Begin PBXContainerItemProxy section */
		EE73039824FB6AA4002AA3A7 /* PBXContainerItemProxy */ = {
			isa = PBXContainerItemProxy;
			containerPortal = EE73037924FB6A9D002AA3A7 /* Project object */;
			proxyType = 1;
			remoteGlobalIDString = EE73038024FB6A9D002AA3A7;
			remoteInfo = SampleProject;
		};
		EE7303A324FB6AA4002AA3A7 /* PBXContainerItemProxy */ = {
			isa = PBXContainerItemProxy;
			containerPortal = EE73037924FB6A9D002AA3A7 /* Project object */;
			proxyType = 1;
			remoteGlobalIDString = EE73038024FB6A9D002AA3A7;
			remoteInfo = SampleProject;
		};
/* End PBXContainerItemProxy section */

/* Begin PBXFileReference section */
		EE70CE0424FB714F00C1DF0B /* StartUpViewController.swift */ = {isa = PBXFileReference; lastKnownFileType = sourcecode.swift; path = StartUpViewController.swift; sourceTree = "<group>"; };
		EE70CE0624FB715C00C1DF0B /* StartUp.storyboard */ = {isa = PBXFileReference; lastKnownFileType = file.storyboard; path = StartUp.storyboard; sourceTree = "<group>"; };
		EE73038124FB6A9D002AA3A7 /* SampleProject.app */ = {isa = PBXFileReference; explicitFileType = wrapper.application; includeInIndex = 0; path = SampleProject.app; sourceTree = BUILT_PRODUCTS_DIR; };
		EE73038424FB6A9D002AA3A7 /* AppDelegate.swift */ = {isa = PBXFileReference; lastKnownFileType = sourcecode.swift; path = AppDelegate.swift; sourceTree = "<group>"; };
		EE73038824FB6A9D002AA3A7 /* HomeViewController.swift */ = {isa = PBXFileReference; lastKnownFileType = sourcecode.swift; path = HomeViewController.swift; sourceTree = "<group>"; };
		EE73038D24FB6AA4002AA3A7 /* Assets.xcassets */ = {isa = PBXFileReference; lastKnownFileType = folder.assetcatalog; path = Assets.xcassets; sourceTree = "<group>"; };
		EE73039024FB6AA4002AA3A7 /* Base */ = {isa = PBXFileReference; lastKnownFileType = file.storyboard; name = Base; path = Base.lproj/LaunchScreen.storyboard; sourceTree = "<group>"; };
		EE73039224FB6AA4002AA3A7 /* Info.plist */ = {isa = PBXFileReference; lastKnownFileType = text.plist.xml; path = Info.plist; sourceTree = "<group>"; };
		EE73039724FB6AA4002AA3A7 /* SampleProjectTests.xctest */ = {isa = PBXFileReference; explicitFileType = wrapper.cfbundle; includeInIndex = 0; path = SampleProjectTests.xctest; sourceTree = BUILT_PRODUCTS_DIR; };
		EE73039B24FB6AA4002AA3A7 /* SampleProjectTests.swift */ = {isa = PBXFileReference; lastKnownFileType = sourcecode.swift; path = SampleProjectTests.swift; sourceTree = "<group>"; };
		EE73039D24FB6AA4002AA3A7 /* Info.plist */ = {isa = PBXFileReference; lastKnownFileType = text.plist.xml; path = Info.plist; sourceTree = "<group>"; };
		EE7303A224FB6AA4002AA3A7 /* SampleProjectUITests.xctest */ = {isa = PBXFileReference; explicitFileType = wrapper.cfbundle; includeInIndex = 0; path = SampleProjectUITests.xctest; sourceTree = BUILT_PRODUCTS_DIR; };
		EE7303A624FB6AA4002AA3A7 /* SampleProjectUITests.swift */ = {isa = PBXFileReference; lastKnownFileType = sourcecode.swift; path = SampleProjectUITests.swift; sourceTree = "<group>"; };
		EE7303A824FB6AA4002AA3A7 /* Info.plist */ = {isa = PBXFileReference; lastKnownFileType = text.plist.xml; path = Info.plist; sourceTree = "<group>"; };
/* End PBXFileReference section */

/* Begin PBXFrameworksBuildPhase section */
		EE73037E24FB6A9D002AA3A7 /* Frameworks */ = {
			isa = PBXFrameworksBuildPhase;
			buildActionMask = 2147483647;
			files = (
				EE70CE0324FB6DA600C1DF0B /* RxCocoa in Frameworks */,
				EE70CE0124FB6DA600C1DF0B /* RxSwift in Frameworks */,
				EE70CDFE24FB6D3C00C1DF0B /* Alamofire in Frameworks */,
			);
			runOnlyForDeploymentPostprocessing = 0;
		};
		EE73039424FB6AA4002AA3A7 /* Frameworks */ = {
			isa = PBXFrameworksBuildPhase;
			buildActionMask = 2147483647;
			files = (
			);
			runOnlyForDeploymentPostprocessing = 0;
		};
		EE73039F24FB6AA4002AA3A7 /* Frameworks */ = {
			isa = PBXFrameworksBuildPhase;
			buildActionMask = 2147483647;
			files = (
			);
			runOnlyForDeploymentPostprocessing = 0;
		};
/* End PBXFrameworksBuildPhase section */

/* Begin PBXGroup section */
		EE73037824FB6A9D002AA3A7 = {
			isa = PBXGroup;
			children = (
				EE73038324FB6A9D002AA3A7 /* SampleProject */,
				EE73039A24FB6AA4002AA3A7 /* SampleProjectTests */,
				EE7303A524FB6AA4002AA3A7 /* SampleProjectUITests */,
				EE73038224FB6A9D002AA3A7 /* Products */,
			);
			sourceTree = "<group>";
		};
		EE73038224FB6A9D002AA3A7 /* Products */ = {
			isa = PBXGroup;
			children = (
				EE73038124FB6A9D002AA3A7 /* SampleProject.app */,
				EE73039724FB6AA4002AA3A7 /* SampleProjectTests.xctest */,
				EE7303A224FB6AA4002AA3A7 /* SampleProjectUITests.xctest */,
			);
			name = Products;
			sourceTree = "<group>";
		};
		EE73038324FB6A9D002AA3A7 /* SampleProject */ = {
			isa = PBXGroup;
			children = (
				EE73038424FB6A9D002AA3A7 /* AppDelegate.swift */,
				EE70CE0424FB714F00C1DF0B /* StartUpViewController.swift */,
				EE73038824FB6A9D002AA3A7 /* HomeViewController.swift */,
				EE70CE0624FB715C00C1DF0B /* StartUp.storyboard */,
				EE73038D24FB6AA4002AA3A7 /* Assets.xcassets */,
				EE73038F24FB6AA4002AA3A7 /* LaunchScreen.storyboard */,
				EE73039224FB6AA4002AA3A7 /* Info.plist */,
			);
			path = SampleProject;
			sourceTree = "<group>";
		};
		EE73039A24FB6AA4002AA3A7 /* SampleProjectTests */ = {
			isa = PBXGroup;
			children = (
				EE73039B24FB6AA4002AA3A7 /* SampleProjectTests.swift */,
				EE73039D24FB6AA4002AA3A7 /* Info.plist */,
			);
			path = SampleProjectTests;
			sourceTree = "<group>";
		};
		EE7303A524FB6AA4002AA3A7 /* SampleProjectUITests */ = {
			isa = PBXGroup;
			children = (
				EE7303A624FB6AA4002AA3A7 /* SampleProjectUITests.swift */,
				EE7303A824FB6AA4002AA3A7 /* Info.plist */,
			);
			path = SampleProjectUITests;
			sourceTree = "<group>";
		};
/* End PBXGroup section */

/* Begin PBXNativeTarget section */
		EE73038024FB6A9D002AA3A7 /* SampleProject */ = {
			isa = PBXNativeTarget;
			buildConfigurationList = EE7303AB24FB6AA4002AA3A7 /* Build configuration list for PBXNativeTarget "SampleProject" */;
			buildPhases = (
				EE73037D24FB6A9D002AA3A7 /* Sources */,
				EE73037E24FB6A9D002AA3A7 /* Frameworks */,
				EE73037F24FB6A9D002AA3A7 /* Resources */,
			);
			buildRules = (
			);
			dependencies = (
			);
			name = SampleProject;
			packageProductDependencies = (
				EE70CDFD24FB6D3C00C1DF0B /* Alamofire */,
				EE70CE0024FB6DA600C1DF0B /* RxSwift */,
				EE70CE0224FB6DA600C1DF0B /* RxCocoa */,
			);
			productName = SampleProject;
			productReference = EE73038124FB6A9D002AA3A7 /* SampleProject.app */;
			productType = "com.apple.product-type.application";
		};
		EE73039624FB6AA4002AA3A7 /* SampleProjectTests */ = {
			isa = PBXNativeTarget;
			buildConfigurationList = EE7303AE24FB6AA4002AA3A7 /* Build configuration list for PBXNativeTarget "SampleProjectTests" */;
			buildPhases = (
				EE73039324FB6AA4002AA3A7 /* Sources */,
				EE73039424FB6AA4002AA3A7 /* Frameworks */,
				EE73039524FB6AA4002AA3A7 /* Resources */,
			);
			buildRules = (
			);
			dependencies = (
				EE73039924FB6AA4002AA3A7 /* PBXTargetDependency */,
			);
			name = SampleProjectTests;
			productName = SampleProjectTests;
			productReference = EE73039724FB6AA4002AA3A7 /* SampleProjectTests.xctest */;
			productType = "com.apple.product-type.bundle.unit-test";
		};
		EE7303A124FB6AA4002AA3A7 /* SampleProjectUITests */ = {
			isa = PBXNativeTarget;
			buildConfigurationList = EE7303B124FB6AA4002AA3A7 /* Build configuration list for PBXNativeTarget "SampleProjectUITests" */;
			buildPhases = (
				EE73039E24FB6AA4002AA3A7 /* Sources */,
				EE73039F24FB6AA4002AA3A7 /* Frameworks */,
				EE7303A024FB6AA4002AA3A7 /* Resources */,
			);
			buildRules = (
			);
			dependencies = (
				EE7303A424FB6AA4002AA3A7 /* PBXTargetDependency */,
			);
			name = SampleProjectUITests;
			productName = SampleProjectUITests;
			productReference = EE7303A224FB6AA4002AA3A7 /* SampleProjectUITests.xctest */;
			productType = "com.apple.product-type.bundle.ui-testing";
		};
/* End PBXNativeTarget section */

/* Begin PBXProject section */
		EE73037924FB6A9D002AA3A7 /* Project object */ = {
			isa = PBXProject;
			attributes = {
				LastSwiftUpdateCheck = 1160;
				LastUpgradeCheck = 1160;
				ORGANIZATIONNAME = kurokawahirokazu;
				TargetAttributes = {
					EE73038024FB6A9D002AA3A7 = {
						CreatedOnToolsVersion = 11.6;
					};
					EE73039624FB6AA4002AA3A7 = {
						CreatedOnToolsVersion = 11.6;
						TestTargetID = EE73038024FB6A9D002AA3A7;
					};
					EE7303A124FB6AA4002AA3A7 = {
						CreatedOnToolsVersion = 11.6;
						TestTargetID = EE73038024FB6A9D002AA3A7;
					};
				};
			};
			buildConfigurationList = EE73037C24FB6A9D002AA3A7 /* Build configuration list for PBXProject "SampleProject" */;
			compatibilityVersion = "Xcode 9.3";
			developmentRegion = en;
			hasScannedForEncodings = 0;
			knownRegions = (
				en,
				Base,
			);
			mainGroup = EE73037824FB6A9D002AA3A7;
			packageReferences = (
				EE70CDFC24FB6D3C00C1DF0B /* XCRemoteSwiftPackageReference "Alamofire" */,
				EE70CDFF24FB6DA600C1DF0B /* XCRemoteSwiftPackageReference "RxSwift" */,
			);
			productRefGroup = EE73038224FB6A9D002AA3A7 /* Products */;
			projectDirPath = "";
			projectRoot = "";
			targets = (
				EE73038024FB6A9D002AA3A7 /* SampleProject */,
				EE73039624FB6AA4002AA3A7 /* SampleProjectTests */,
				EE7303A124FB6AA4002AA3A7 /* SampleProjectUITests */,
			);
		};
/* End PBXProject section */

/* Begin PBXResourcesBuildPhase section */
		EE73037F24FB6A9D002AA3A7 /* Resources */ = {
			isa = PBXResourcesBuildPhase;
			buildActionMask = 2147483647;
			files = (
				EE73039124FB6AA4002AA3A7 /* LaunchScreen.storyboard in Resources */,
				EE70CE0724FB715C00C1DF0B /* StartUp.storyboard in Resources */,
				EE73038E24FB6AA4002AA3A7 /* Assets.xcassets in Resources */,
			);
			runOnlyForDeploymentPostprocessing = 0;
		};
		EE73039524FB6AA4002AA3A7 /* Resources */ = {
			isa = PBXResourcesBuildPhase;
			buildActionMask = 2147483647;
			files = (
			);
			runOnlyForDeploymentPostprocessing = 0;
		};
		EE7303A024FB6AA4002AA3A7 /* Resources */ = {
			isa = PBXResourcesBuildPhase;
			buildActionMask = 2147483647;
			files = (
			);
			runOnlyForDeploymentPostprocessing = 0;
		};
/* End PBXResourcesBuildPhase section */

/* Begin PBXSourcesBuildPhase section */
		EE73037D24FB6A9D002AA3A7 /* Sources */ = {
			isa = PBXSourcesBuildPhase;
			buildActionMask = 2147483647;
			files = (
				EE73038924FB6A9D002AA3A7 /* HomeViewController.swift in Sources */,
				EE70CE0524FB714F00C1DF0B /* StartUpViewController.swift in Sources */,
				EE73038524FB6A9D002AA3A7 /* AppDelegate.swift in Sources */,
			);
			runOnlyForDeploymentPostprocessing = 0;
		};
		EE73039324FB6AA4002AA3A7 /* Sources */ = {
			isa = PBXSourcesBuildPhase;
			buildActionMask = 2147483647;
			files = (
				EE73039C24FB6AA4002AA3A7 /* SampleProjectTests.swift in Sources */,
			);
			runOnlyForDeploymentPostprocessing = 0;
		};
		EE73039E24FB6AA4002AA3A7 /* Sources */ = {
			isa = PBXSourcesBuildPhase;
			buildActionMask = 2147483647;
			files = (
				EE7303A724FB6AA4002AA3A7 /* SampleProjectUITests.swift in Sources */,
			);
			runOnlyForDeploymentPostprocessing = 0;
		};
/* End PBXSourcesBuildPhase section */

/* Begin PBXTargetDependency section */
		EE73039924FB6AA4002AA3A7 /* PBXTargetDependency */ = {
			isa = PBXTargetDependency;
			target = EE73038024FB6A9D002AA3A7 /* SampleProject */;
			targetProxy = EE73039824FB6AA4002AA3A7 /* PBXContainerItemProxy */;
		};
		EE7303A424FB6AA4002AA3A7 /* PBXTargetDependency */ = {
			isa = PBXTargetDependency;
			target = EE73038024FB6A9D002AA3A7 /* SampleProject */;
			targetProxy = EE7303A324FB6AA4002AA3A7 /* PBXContainerItemProxy */;
		};
/* End PBXTargetDependency section */

/* Begin PBXVariantGroup section */
		EE73038F24FB6AA4002AA3A7 /* LaunchScreen.storyboard */ = {
			isa = PBXVariantGroup;
			children = (
				EE73039024FB6AA4002AA3A7 /* Base */,
			);
			name = LaunchScreen.storyboard;
			sourceTree = "<group>";
		};
/* End PBXVariantGroup section */

/* Begin XCBuildConfiguration section */
		EE7303A924FB6AA4002AA3A7 /* Debug */ = {
			isa = XCBuildConfiguration;
			buildSettings = {
				ALWAYS_SEARCH_USER_PATHS = NO;
				CLANG_ANALYZER_NONNULL = YES;
				CLANG_ANALYZER_NUMBER_OBJECT_CONVERSION = YES_AGGRESSIVE;
				CLANG_CXX_LANGUAGE_STANDARD = "gnu++14";
				CLANG_CXX_LIBRARY = "libc++";
				CLANG_ENABLE_MODULES = YES;
				CLANG_ENABLE_OBJC_ARC = YES;
				CLANG_ENABLE_OBJC_WEAK = YES;
				CLANG_WARN_BLOCK_CAPTURE_AUTORELEASING = YES;
				CLANG_WARN_BOOL_CONVERSION = YES;
				CLANG_WARN_COMMA = YES;
				CLANG_WARN_CONSTANT_CONVERSION = YES;
				CLANG_WARN_DEPRECATED_OBJC_IMPLEMENTATIONS = YES;
				CLANG_WARN_DIRECT_OBJC_ISA_USAGE = YES_ERROR;
				CLANG_WARN_DOCUMENTATION_COMMENTS = YES;
				CLANG_WARN_EMPTY_BODY = YES;
				CLANG_WARN_ENUM_CONVERSION = YES;
				CLANG_WARN_INFINITE_RECURSION = YES;
				CLANG_WARN_INT_CONVERSION = YES;
				CLANG_WARN_NON_LITERAL_NULL_CONVERSION = YES;
				CLANG_WARN_OBJC_IMPLICIT_RETAIN_SELF = YES;
				CLANG_WARN_OBJC_LITERAL_CONVERSION = YES;
				CLANG_WARN_OBJC_ROOT_CLASS = YES_ERROR;
				CLANG_WARN_RANGE_LOOP_ANALYSIS = YES;
				CLANG_WARN_STRICT_PROTOTYPES = YES;
				CLANG_WARN_SUSPICIOUS_MOVE = YES;
				CLANG_WARN_UNGUARDED_AVAILABILITY = YES_AGGRESSIVE;
				CLANG_WARN_UNREACHABLE_CODE = YES;
				CLANG_WARN__DUPLICATE_METHOD_MATCH = YES;
				COPY_PHASE_STRIP = NO;
				DEBUG_INFORMATION_FORMAT = dwarf;
				ENABLE_STRICT_OBJC_MSGSEND = YES;
				ENABLE_TESTABILITY = YES;
				GCC_C_LANGUAGE_STANDARD = gnu11;
				GCC_DYNAMIC_NO_PIC = NO;
				GCC_NO_COMMON_BLOCKS = YES;
				GCC_OPTIMIZATION_LEVEL = 0;
				GCC_PREPROCESSOR_DEFINITIONS = (
					"DEBUG=1",
					"$(inherited)",
				);
				GCC_WARN_64_TO_32_BIT_CONVERSION = YES;
				GCC_WARN_ABOUT_RETURN_TYPE = YES_ERROR;
				GCC_WARN_UNDECLARED_SELECTOR = YES;
				GCC_WARN_UNINITIALIZED_AUTOS = YES_AGGRESSIVE;
				GCC_WARN_UNUSED_FUNCTION = YES;
				GCC_WARN_UNUSED_VARIABLE = YES;
				IPHONEOS_DEPLOYMENT_TARGET = 13.6;
				MTL_ENABLE_DEBUG_INFO = INCLUDE_SOURCE;
				MTL_FAST_MATH = YES;
				ONLY_ACTIVE_ARCH = YES;
				SDKROOT = iphoneos;
				SWIFT_ACTIVE_COMPILATION_CONDITIONS = DEBUG;
				SWIFT_OPTIMIZATION_LEVEL = "-Onone";
			};
			name = Debug;
		};
		EE7303AA24FB6AA4002AA3A7 /* Release */ = {
			isa = XCBuildConfiguration;
			buildSettings = {
				ALWAYS_SEARCH_USER_PATHS = NO;
				CLANG_ANALYZER_NONNULL = YES;
				CLANG_ANALYZER_NUMBER_OBJECT_CONVERSION = YES_AGGRESSIVE;
				CLANG_CXX_LANGUAGE_STANDARD = "gnu++14";
				CLANG_CXX_LIBRARY = "libc++";
				CLANG_ENABLE_MODULES = YES;
				CLANG_ENABLE_OBJC_ARC = YES;
				CLANG_ENABLE_OBJC_WEAK = YES;
				CLANG_WARN_BLOCK_CAPTURE_AUTORELEASING = YES;
				CLANG_WARN_BOOL_CONVERSION = YES;
				CLANG_WARN_COMMA = YES;
				CLANG_WARN_CONSTANT_CONVERSION = YES;
				CLANG_WARN_DEPRECATED_OBJC_IMPLEMENTATIONS = YES;
				CLANG_WARN_DIRECT_OBJC_ISA_USAGE = YES_ERROR;
				CLANG_WARN_DOCUMENTATION_COMMENTS = YES;
				CLANG_WARN_EMPTY_BODY = YES;
				CLANG_WARN_ENUM_CONVERSION = YES;
				CLANG_WARN_INFINITE_RECURSION = YES;
				CLANG_WARN_INT_CONVERSION = YES;
				CLANG_WARN_NON_LITERAL_NULL_CONVERSION = YES;
				CLANG_WARN_OBJC_IMPLICIT_RETAIN_SELF = YES;
				CLANG_WARN_OBJC_LITERAL_CONVERSION = YES;
				CLANG_WARN_OBJC_ROOT_CLASS = YES_ERROR;
				CLANG_WARN_RANGE_LOOP_ANALYSIS = YES;
				CLANG_WARN_STRICT_PROTOTYPES = YES;
				CLANG_WARN_SUSPICIOUS_MOVE = YES;
				CLANG_WARN_UNGUARDED_AVAILABILITY = YES_AGGRESSIVE;
				CLANG_WARN_UNREACHABLE_CODE = YES;
				CLANG_WARN__DUPLICATE_METHOD_MATCH = YES;
				COPY_PHASE_STRIP = NO;
				DEBUG_INFORMATION_FORMAT = "dwarf-with-dsym";
				ENABLE_NS_ASSERTIONS = NO;
				ENABLE_STRICT_OBJC_MSGSEND = YES;
				GCC_C_LANGUAGE_STANDARD = gnu11;
				GCC_NO_COMMON_BLOCKS = YES;
				GCC_WARN_64_TO_32_BIT_CONVERSION = YES;
				GCC_WARN_ABOUT_RETURN_TYPE = YES_ERROR;
				GCC_WARN_UNDECLARED_SELECTOR = YES;
				GCC_WARN_UNINITIALIZED_AUTOS = YES_AGGRESSIVE;
				GCC_WARN_UNUSED_FUNCTION = YES;
				GCC_WARN_UNUSED_VARIABLE = YES;
				IPHONEOS_DEPLOYMENT_TARGET = 13.6;
				MTL_ENABLE_DEBUG_INFO = NO;
				MTL_FAST_MATH = YES;
				SDKROOT = iphoneos;
				SWIFT_COMPILATION_MODE = wholemodule;
				SWIFT_OPTIMIZATION_LEVEL = "-O";
				VALIDATE_PRODUCT = YES;
			};
			name = Release;
		};
		EE7303AC24FB6AA4002AA3A7 /* Debug */ = {
			isa = XCBuildConfiguration;
			buildSettings = {
				ASSETCATALOG_COMPILER_APPICON_NAME = AppIcon;
				CODE_SIGN_STYLE = Automatic;
				INFOPLIST_FILE = SampleProject/Info.plist;
				LD_RUNPATH_SEARCH_PATHS = (
					"$(inherited)",
					"@executable_path/Frameworks",
				);
				PRODUCT_BUNDLE_IDENTIFIER = kurokawa.SampleProject;
				PRODUCT_NAME = "$(TARGET_NAME)";
				SWIFT_VERSION = 5.0;
				TARGETED_DEVICE_FAMILY = "1,2";
			};
			name = Debug;
		};
		EE7303AD24FB6AA4002AA3A7 /* Release */ = {
			isa = XCBuildConfiguration;
			buildSettings = {
				ASSETCATALOG_COMPILER_APPICON_NAME = AppIcon;
				CODE_SIGN_STYLE = Automatic;
				INFOPLIST_FILE = SampleProject/Info.plist;
				LD_RUNPATH_SEARCH_PATHS = (
					"$(inherited)",
					"@executable_path/Frameworks",
				);
				PRODUCT_BUNDLE_IDENTIFIER = kurokawa.SampleProject;
				PRODUCT_NAME = "$(TARGET_NAME)";
				SWIFT_VERSION = 5.0;
				TARGETED_DEVICE_FAMILY = "1,2";
			};
			name = Release;
		};
		EE7303AF24FB6AA4002AA3A7 /* Debug */ = {
			isa = XCBuildConfiguration;
			buildSettings = {
				ALWAYS_EMBED_SWIFT_STANDARD_LIBRARIES = YES;
				BUNDLE_LOADER = "$(TEST_HOST)";
				CODE_SIGN_STYLE = Automatic;
				INFOPLIST_FILE = SampleProjectTests/Info.plist;
				IPHONEOS_DEPLOYMENT_TARGET = 13.6;
				LD_RUNPATH_SEARCH_PATHS = (
					"$(inherited)",
					"@executable_path/Frameworks",
					"@loader_path/Frameworks",
				);
				PRODUCT_BUNDLE_IDENTIFIER = kurokawahirokazu.SampleProjectTests;
				PRODUCT_NAME = "$(TARGET_NAME)";
				SWIFT_VERSION = 5.0;
				TARGETED_DEVICE_FAMILY = "1,2";
				TEST_HOST = "$(BUILT_PRODUCTS_DIR)/SampleProject.app/SampleProject";
			};
			name = Debug;
		};
		EE7303B024FB6AA4002AA3A7 /* Release */ = {
			isa = XCBuildConfiguration;
			buildSettings = {
				ALWAYS_EMBED_SWIFT_STANDARD_LIBRARIES = YES;
				BUNDLE_LOADER = "$(TEST_HOST)";
				CODE_SIGN_STYLE = Automatic;
				INFOPLIST_FILE = SampleProjectTests/Info.plist;
				IPHONEOS_DEPLOYMENT_TARGET = 13.6;
				LD_RUNPATH_SEARCH_PATHS = (
					"$(inherited)",
					"@executable_path/Frameworks",
					"@loader_path/Frameworks",
				);
				PRODUCT_BUNDLE_IDENTIFIER = kurokawahirokazu.SampleProjectTests;
				PRODUCT_NAME = "$(TARGET_NAME)";
				SWIFT_VERSION = 5.0;
				TARGETED_DEVICE_FAMILY = "1,2";
				TEST_HOST = "$(BUILT_PRODUCTS_DIR)/SampleProject.app/SampleProject";
			};
			name = Release;
		};
		EE7303B224FB6AA4002AA3A7 /* Debug */ = {
			isa = XCBuildConfiguration;
			buildSettings = {
				ALWAYS_EMBED_SWIFT_STANDARD_LIBRARIES = YES;
				CODE_SIGN_STYLE = Automatic;
				INFOPLIST_FILE = SampleProjectUITests/Info.plist;
				LD_RUNPATH_SEARCH_PATHS = (
					"$(inherited)",
					"@executable_path/Frameworks",
					"@loader_path/Frameworks",
				);
				PRODUCT_BUNDLE_IDENTIFIER = kurokawahirokazu.SampleProjectUITests;
				PRODUCT_NAME = "$(TARGET_NAME)";
				SWIFT_VERSION = 5.0;
				TARGETED_DEVICE_FAMILY = "1,2";
				TEST_TARGET_NAME = SampleProject;
			};
			name = Debug;
		};
		EE7303B324FB6AA4002AA3A7 /* Release */ = {
			isa = XCBuildConfiguration;
			buildSettings = {
				ALWAYS_EMBED_SWIFT_STANDARD_LIBRARIES = YES;
				CODE_SIGN_STYLE = Automatic;
				INFOPLIST_FILE = SampleProjectUITests/Info.plist;
				LD_RUNPATH_SEARCH_PATHS = (
					"$(inherited)",
					"@executable_path/Frameworks",
					"@loader_path/Frameworks",
				);
				PRODUCT_BUNDLE_IDENTIFIER = kurokawahirokazu.SampleProjectUITests;
				PRODUCT_NAME = "$(TARGET_NAME)";
				SWIFT_VERSION = 5.0;
				TARGETED_DEVICE_FAMILY = "1,2";
				TEST_TARGET_NAME = SampleProject;
			};
			name = Release;
		};
/* End XCBuildConfiguration section */

/* Begin XCConfigurationList section */
		EE73037C24FB6A9D002AA3A7 /* Build configuration list for PBXProject "SampleProject" */ = {
			isa = XCConfigurationList;
			buildConfigurations = (
				EE7303A924FB6AA4002AA3A7 /* Debug */,
				EE7303AA24FB6AA4002AA3A7 /* Release */,
			);
			defaultConfigurationIsVisible = 0;
			defaultConfigurationName = Release;
		};
		EE7303AB24FB6AA4002AA3A7 /* Build configuration list for PBXNativeTarget "SampleProject" */ = {
			isa = XCConfigurationList;
			buildConfigurations = (
				EE7303AC24FB6AA4002AA3A7 /* Debug */,
				EE7303AD24FB6AA4002AA3A7 /* Release */,
			);
			defaultConfigurationIsVisible = 0;
			defaultConfigurationName = Release;
		};
		EE7303AE24FB6AA4002AA3A7 /* Build configuration list for PBXNativeTarget "SampleProjectTests" */ = {
			isa = XCConfigurationList;
			buildConfigurations = (
				EE7303AF24FB6AA4002AA3A7 /* Debug */,
				EE7303B024FB6AA4002AA3A7 /* Release */,
			);
			defaultConfigurationIsVisible = 0;
			defaultConfigurationName = Release;
		};
		EE7303B124FB6AA4002AA3A7 /* Build configuration list for PBXNativeTarget "SampleProjectUITests" */ = {
			isa = XCConfigurationList;
			buildConfigurations = (
				EE7303B224FB6AA4002AA3A7 /* Debug */,
				EE7303B324FB6AA4002AA3A7 /* Release */,
			);
			defaultConfigurationIsVisible = 0;
			defaultConfigurationName = Release;
		};
/* End XCConfigurationList section */

/* Begin XCRemoteSwiftPackageReference section */
		EE70CDFC24FB6D3C00C1DF0B /* XCRemoteSwiftPackageReference "Alamofire" */ = {
			isa = XCRemoteSwiftPackageReference;
			repositoryURL = "https://github.com/Alamofire/Alamofire";
			requirement = {
				kind = upToNextMajorVersion;
				minimumVersion = 5.2.2;
			};
		};
		EE70CDFF24FB6DA600C1DF0B /* XCRemoteSwiftPackageReference "RxSwift" */ = {
			isa = XCRemoteSwiftPackageReference;
			repositoryURL = "https://github.com/ReactiveX/RxSwift.git";
			requirement = {
				kind = upToNextMajorVersion;
				minimumVersion = 5.1.1;
			};
		};
/* End XCRemoteSwiftPackageReference section */

/* Begin XCSwiftPackageProductDependency section */
		EE70CDFD24FB6D3C00C1DF0B /* Alamofire */ = {
			isa = XCSwiftPackageProductDependency;
			package = EE70CDFC24FB6D3C00C1DF0B /* XCRemoteSwiftPackageReference "Alamofire" */;
			productName = Alamofire;
		};
		EE70CE0024FB6DA600C1DF0B /* RxSwift */ = {
			isa = XCSwiftPackageProductDependency;
			package = EE70CDFF24FB6DA600C1DF0B /* XCRemoteSwiftPackageReference "RxSwift" */;
			productName = RxSwift;
		};
		EE70CE0224FB6DA600C1DF0B /* RxCocoa */ = {
			isa = XCSwiftPackageProductDependency;
			package = EE70CDFF24FB6DA600C1DF0B /* XCRemoteSwiftPackageReference "RxSwift" */;
			productName = RxCocoa;
		};
/* End XCSwiftPackageProductDependency section */
	};
	rootObject = EE73037924FB6A9D002AA3A7 /* Project object */;
}
